PODS:
  - Alamofire (5.0.5)
  - ReachabilitySwift (5.2.2)

DEPENDENCIES:
  - Alamofire (~> 5.0.0)
  - ReachabilitySwift (~> 5.2.0)

SPEC REPOS:
  trunk:
    - Alamofire
    - ReachabilitySwift

SPEC CHECKSUMS:
  Alamofire: df2f8f826963b08b9a870791ad48e07a10090b2e
  ReachabilitySwift: 2128f3a8c9107e1ad33574c6e58e8285d460b149

PODFILE CHECKSUM: b328246a6d6aec320b25fced2cfc71c9c7026d02

COCOAPODS: 1.15.2
