PODS:
  - Alamofire (4.7.3)
  - ReachabilitySwift (4.3.0)
  - SwiftProtobuf (1.1.2)

DEPENDENCIES:
  - Alamofire (~> 4.6)
  - ReachabilitySwift
  - SwiftProtobuf (~> 1.0)

SPEC REPOS:
  https://github.com/cocoapods/specs.git:
    - Alamofire
    - ReachabilitySwift
    - SwiftProtobuf

SPEC CHECKSUMS:
  Alamofire: c7287b6e5d7da964a70935e5db17046b7fde6568
  ReachabilitySwift: 408477d1b6ed9779dba301953171e017c31241f3
  SwiftProtobuf: 7147b8ec19c8c0694a45155d989ea9e6dedaf51f

PODFILE CHECKSUM: 0658419bc7fbc3384c2d41808b0b3df6126d275b

COCOAPODS: 1.5.3
