// !$*UTF8*$!
{
	archiveVersion = 1;
	classes = {
	};
	objectVersion = 51;
	objects = {

/* Begin PBXAggregateTarget section */
		37281B8F203F61A500D186F9 /* SdkNaveggIOS-Universal */ = {
			isa = PBXAggregateTarget;
			buildConfigurationList = 37281B90203F61A500D186F9 /* Build configuration list for PBXAggregateTarget "SdkNaveggIOS-Universal" */;
			buildPhases = (
				37281B93203F620200D186F9 /* ShellScript */,
			);
			dependencies = (
			);
			name = "SdkNaveggIOS-Universal";
			productName = "SdkNaveggIOS-Universal";
		};
/* End PBXAggregateTarget section */

/* Begin PBXBuildFile section */
		370A2B502010FCF20097033E /* OnBoarding.swift in Sources */ = {isa = PBXBuildFile; fileRef = 370A2B4F2010FCF20097033E /* OnBoarding.swift */; };
		373099CD20079280009655B8 /* WebService.swift in Sources */ = {isa = PBXBuildFile; fileRef = 373099CC20079280009655B8 /* WebService.swift */; };
		373099D32007928C009655B8 /* MobileInformation.swift in Sources */ = {isa = PBXBuildFile; fileRef = 373099CE2007928B009655B8 /* MobileInformation.swift */; };
		373099D42007928C009655B8 /* PageViewer.swift in Sources */ = {isa = PBXBuildFile; fileRef = 373099CF2007928B009655B8 /* PageViewer.swift */; };
		373099D52007928C009655B8 /* Tracker.swift in Sources */ = {isa = PBXBuildFile; fileRef = 373099D02007928B009655B8 /* Tracker.swift */; };
		373099D62007928C009655B8 /* User.swift in Sources */ = {isa = PBXBuildFile; fileRef = 373099D12007928B009655B8 /* User.swift */; };
		376032FB216C0102006FCFD3 /* SwiftProtobuf.framework in Frameworks */ = {isa = PBXBuildFile; fileRef = 376032FA216C0102006FCFD3 /* SwiftProtobuf.framework */; };
		376D24882015FFA4007D3971 /* ReachabilityManager.swift in Sources */ = {isa = PBXBuildFile; fileRef = 376D24872015FFA4007D3971 /* ReachabilityManager.swift */; };
		377E2C62201896BF00217E71 /* LocationPostion.swift in Sources */ = {isa = PBXBuildFile; fileRef = 377E2C61201896BF00217E71 /* LocationPostion.swift */; };
		37BB5C61201B5F5F00069A98 /* Alamofire.framework in Frameworks */ = {isa = PBXBuildFile; fileRef = 37BB5C5E201B5F5F00069A98 /* Alamofire.framework */; };
		37BB5C62201B5F5F00069A98 /* Reachability.framework in Frameworks */ = {isa = PBXBuildFile; fileRef = 37BB5C5F201B5F5F00069A98 /* Reachability.framework */; };
		37C10DA920078DA400331A97 /* SdkNaveggIOS.framework in Frameworks */ = {isa = PBXBuildFile; fileRef = 37C10D9F20078DA400331A97 /* SdkNaveggIOS.framework */; };
		37C10DAE20078DA400331A97 /* SdkNaveggIOSTests.swift in Sources */ = {isa = PBXBuildFile; fileRef = 37C10DAD20078DA400331A97 /* SdkNaveggIOSTests.swift */; };
		37C10DB020078DA400331A97 /* SdkNaveggIOS.h in Headers */ = {isa = PBXBuildFile; fileRef = 37C10DA220078DA400331A97 /* SdkNaveggIOS.h */; settings = {ATTRIBUTES = (Public, ); }; };
		37C10DBB20078E1600331A97 /* NaveggApi.swift in Sources */ = {isa = PBXBuildFile; fileRef = 37C10DBA20078E1600331A97 /* NaveggApi.swift */; };
		37C10DBD20078E5C00331A97 /* Util.swift in Sources */ = {isa = PBXBuildFile; fileRef = 37C10DBC20078E5C00331A97 /* Util.swift */; };
		37C8F8E92007DFA700E8C154 /* package.pb.swift in Sources */ = {isa = PBXBuildFile; fileRef = 37C8F8E82007DFA700E8C154 /* package.pb.swift */; };
		93E99B668B8725B77F18CE97 /* libPods-SdkNaveggIOS.a in Frameworks */ = {isa = PBXBuildFile; fileRef = B2F7D448E8E00E514AB78A86 /* libPods-SdkNaveggIOS.a */; };
/* End PBXBuildFile section */

/* Begin PBXContainerItemProxy section */
		37C10DAA20078DA400331A97 /* PBXContainerItemProxy */ = {
			isa = PBXContainerItemProxy;
			containerPortal = 37C10D9620078DA400331A97 /* Project object */;
			proxyType = 1;
			remoteGlobalIDString = 37C10D9E20078DA400331A97;
			remoteInfo = SdkNaveggIOS;
		};
/* End PBXContainerItemProxy section */

/* Begin PBXFileReference section */
		370A2B4F2010FCF20097033E /* OnBoarding.swift */ = {isa = PBXFileReference; lastKnownFileType = sourcecode.swift; path = OnBoarding.swift; sourceTree = "<group>"; };
		373099CC20079280009655B8 /* WebService.swift */ = {isa = PBXFileReference; fileEncoding = 4; lastKnownFileType = sourcecode.swift; path = WebService.swift; sourceTree = "<group>"; };
		373099CE2007928B009655B8 /* MobileInformation.swift */ = {isa = PBXFileReference; fileEncoding = 4; lastKnownFileType = sourcecode.swift; path = MobileInformation.swift; sourceTree = "<group>"; };
		373099CF2007928B009655B8 /* PageViewer.swift */ = {isa = PBXFileReference; fileEncoding = 4; lastKnownFileType = sourcecode.swift; path = PageViewer.swift; sourceTree = "<group>"; };
		373099D02007928B009655B8 /* Tracker.swift */ = {isa = PBXFileReference; fileEncoding = 4; lastKnownFileType = sourcecode.swift; path = Tracker.swift; sourceTree = "<group>"; };
		373099D12007928B009655B8 /* User.swift */ = {isa = PBXFileReference; fileEncoding = 4; lastKnownFileType = sourcecode.swift; path = User.swift; sourceTree = "<group>"; };
		376032F6216C0020006FCFD3 /* Frameworks */ = {isa = PBXFileReference; lastKnownFileType = folder; path = Frameworks; sourceTree = "<group>"; };
		376032F8216C009E006FCFD3 /* protoc-gen-swift */ = {isa = PBXFileReference; lastKnownFileType = "compiled.mach-o.executable"; name = "protoc-gen-swift"; path = "Frameworks/protoc-gen-swift"; sourceTree = "<group>"; };
		376032FA216C0102006FCFD3 /* SwiftProtobuf.framework */ = {isa = PBXFileReference; explicitFileType = wrapper.framework; path = SwiftProtobuf.framework; sourceTree = BUILT_PRODUCTS_DIR; };
		376D24872015FFA4007D3971 /* ReachabilityManager.swift */ = {isa = PBXFileReference; lastKnownFileType = sourcecode.swift; path = ReachabilityManager.swift; sourceTree = "<group>"; };
		377E2C61201896BF00217E71 /* LocationPostion.swift */ = {isa = PBXFileReference; lastKnownFileType = sourcecode.swift; path = LocationPostion.swift; sourceTree = "<group>"; };
		37BB5C5E201B5F5F00069A98 /* Alamofire.framework */ = {isa = PBXFileReference; lastKnownFileType = wrapper.framework; name = Alamofire.framework; path = Frameworks/Alamofire.framework; sourceTree = "<group>"; };
		37BB5C5F201B5F5F00069A98 /* Reachability.framework */ = {isa = PBXFileReference; lastKnownFileType = wrapper.framework; name = Reachability.framework; path = Frameworks/Reachability.framework; sourceTree = "<group>"; };
		37BB5C60201B5F5F00069A98 /* SwiftProtobuf.framework */ = {isa = PBXFileReference; lastKnownFileType = wrapper.framework; name = SwiftProtobuf.framework; path = Frameworks/SwiftProtobuf.framework; sourceTree = "<group>"; };
		37C10D9F20078DA400331A97 /* SdkNaveggIOS.framework */ = {isa = PBXFileReference; explicitFileType = wrapper.framework; includeInIndex = 0; path = SdkNaveggIOS.framework; sourceTree = BUILT_PRODUCTS_DIR; };
		37C10DA220078DA400331A97 /* SdkNaveggIOS.h */ = {isa = PBXFileReference; lastKnownFileType = sourcecode.c.h; path = SdkNaveggIOS.h; sourceTree = "<group>"; };
		37C10DA320078DA400331A97 /* Info.plist */ = {isa = PBXFileReference; lastKnownFileType = text.plist.xml; path = Info.plist; sourceTree = "<group>"; };
		37C10DA820078DA400331A97 /* SdkNaveggIOSTests.xctest */ = {isa = PBXFileReference; explicitFileType = wrapper.cfbundle; includeInIndex = 0; path = SdkNaveggIOSTests.xctest; sourceTree = BUILT_PRODUCTS_DIR; };
		37C10DAD20078DA400331A97 /* SdkNaveggIOSTests.swift */ = {isa = PBXFileReference; lastKnownFileType = sourcecode.swift; path = SdkNaveggIOSTests.swift; sourceTree = "<group>"; };
		37C10DAF20078DA400331A97 /* Info.plist */ = {isa = PBXFileReference; lastKnownFileType = text.plist.xml; path = Info.plist; sourceTree = "<group>"; };
		37C10DBA20078E1600331A97 /* NaveggApi.swift */ = {isa = PBXFileReference; lastKnownFileType = sourcecode.swift; path = NaveggApi.swift; sourceTree = "<group>"; };
		37C10DBC20078E5C00331A97 /* Util.swift */ = {isa = PBXFileReference; fileEncoding = 4; lastKnownFileType = sourcecode.swift; path = Util.swift; sourceTree = "<group>"; };
		37C8F8E82007DFA700E8C154 /* package.pb.swift */ = {isa = PBXFileReference; fileEncoding = 4; lastKnownFileType = sourcecode.swift; path = package.pb.swift; sourceTree = "<group>"; };
		3F1347F4713BC6FC36F130A0 /* Pods_SdkNaveggIOSTests.framework */ = {isa = PBXFileReference; explicitFileType = wrapper.framework; includeInIndex = 0; path = Pods_SdkNaveggIOSTests.framework; sourceTree = BUILT_PRODUCTS_DIR; };
		513EFAB29955F7BAC9809B69 /* Pods-SdkNaveggIOS.debug.xcconfig */ = {isa = PBXFileReference; includeInIndex = 1; lastKnownFileType = text.xcconfig; name = "Pods-SdkNaveggIOS.debug.xcconfig"; path = "Pods/Target Support Files/Pods-SdkNaveggIOS/Pods-SdkNaveggIOS.debug.xcconfig"; sourceTree = "<group>"; };
		752835A621F10C2300FD2420 /* Pods */ = {isa = PBXFileReference; lastKnownFileType = folder; path = Pods; sourceTree = "<group>"; };
		A50BDC8A18EB1BE44175923B /* Pods-SdkNaveggIOS.release.xcconfig */ = {isa = PBXFileReference; includeInIndex = 1; lastKnownFileType = text.xcconfig; name = "Pods-SdkNaveggIOS.release.xcconfig"; path = "Pods/Target Support Files/Pods-SdkNaveggIOS/Pods-SdkNaveggIOS.release.xcconfig"; sourceTree = "<group>"; };
		B2F7D448E8E00E514AB78A86 /* libPods-SdkNaveggIOS.a */ = {isa = PBXFileReference; explicitFileType = archive.ar; includeInIndex = 0; path = "libPods-SdkNaveggIOS.a"; sourceTree = BUILT_PRODUCTS_DIR; };
/* End PBXFileReference section */

/* Begin PBXFrameworksBuildPhase section */
		37C10D9B20078DA400331A97 /* Frameworks */ = {
			isa = PBXFrameworksBuildPhase;
			buildActionMask = 2147483647;
			files = (
				376032FB216C0102006FCFD3 /* SwiftProtobuf.framework in Frameworks */,
				37BB5C61201B5F5F00069A98 /* Alamofire.framework in Frameworks */,
				37BB5C62201B5F5F00069A98 /* Reachability.framework in Frameworks */,
				93E99B668B8725B77F18CE97 /* libPods-SdkNaveggIOS.a in Frameworks */,
			);
			runOnlyForDeploymentPostprocessing = 0;
		};
		37C10DA520078DA400331A97 /* Frameworks */ = {
			isa = PBXFrameworksBuildPhase;
			buildActionMask = 2147483647;
			files = (
				37C10DA920078DA400331A97 /* SdkNaveggIOS.framework in Frameworks */,
			);
			runOnlyForDeploymentPostprocessing = 0;
		};
/* End PBXFrameworksBuildPhase section */

/* Begin PBXGroup section */
		373099BB200791BE009655B8 /* Frameworks */ = {
			isa = PBXGroup;
			children = (
				752835A621F10C2300FD2420 /* Pods */,
				376032FA216C0102006FCFD3 /* SwiftProtobuf.framework */,
				376032F8216C009E006FCFD3 /* protoc-gen-swift */,
				376032F6216C0020006FCFD3 /* Frameworks */,
				37BB5C5E201B5F5F00069A98 /* Alamofire.framework */,
				37BB5C5F201B5F5F00069A98 /* Reachability.framework */,
				37BB5C60201B5F5F00069A98 /* SwiftProtobuf.framework */,
				3F1347F4713BC6FC36F130A0 /* Pods_SdkNaveggIOSTests.framework */,
				B2F7D448E8E00E514AB78A86 /* libPods-SdkNaveggIOS.a */,
			);
			name = Frameworks;
			sourceTree = "<group>";
		};
		373099C0200791EF009655B8 /* Bean */ = {
			isa = PBXGroup;
			children = (
				373099CE2007928B009655B8 /* MobileInformation.swift */,
				373099CF2007928B009655B8 /* PageViewer.swift */,
				37C8F8E82007DFA700E8C154 /* package.pb.swift */,
				373099D02007928B009655B8 /* Tracker.swift */,
				373099D12007928B009655B8 /* User.swift */,
				370A2B4F2010FCF20097033E /* OnBoarding.swift */,
				376D24872015FFA4007D3971 /* ReachabilityManager.swift */,
			);
			path = Bean;
			sourceTree = "<group>";
		};
		373099C1200791F4009655B8 /* WebService */ = {
			isa = PBXGroup;
			children = (
				373099CC20079280009655B8 /* WebService.swift */,
			);
			path = WebService;
			sourceTree = "<group>";
		};
		37C10D9520078DA400331A97 = {
			isa = PBXGroup;
			children = (
				37C10DA120078DA400331A97 /* SdkNaveggIOS */,
				37C10DAC20078DA400331A97 /* SdkNaveggIOSTests */,
				37C10DA020078DA400331A97 /* Products */,
				373099BB200791BE009655B8 /* Frameworks */,
				FBE7397F005F018ADE2021E0 /* Pods */,
			);
			sourceTree = "<group>";
			usesTabs = 0;
		};
		37C10DA020078DA400331A97 /* Products */ = {
			isa = PBXGroup;
			children = (
				37C10D9F20078DA400331A97 /* SdkNaveggIOS.framework */,
				37C10DA820078DA400331A97 /* SdkNaveggIOSTests.xctest */,
			);
			name = Products;
			sourceTree = "<group>";
		};
		37C10DA120078DA400331A97 /* SdkNaveggIOS */ = {
			isa = PBXGroup;
			children = (
				373099C1200791F4009655B8 /* WebService */,
				373099C0200791EF009655B8 /* Bean */,
				37C10DB920078E0600331A97 /* Main */,
				37C10DA220078DA400331A97 /* SdkNaveggIOS.h */,
				37C10DA320078DA400331A97 /* Info.plist */,
			);
			path = SdkNaveggIOS;
			sourceTree = "<group>";
		};
		37C10DAC20078DA400331A97 /* SdkNaveggIOSTests */ = {
			isa = PBXGroup;
			children = (
				37C10DAD20078DA400331A97 /* SdkNaveggIOSTests.swift */,
				37C10DAF20078DA400331A97 /* Info.plist */,
			);
			path = SdkNaveggIOSTests;
			sourceTree = "<group>";
		};
		37C10DB920078E0600331A97 /* Main */ = {
			isa = PBXGroup;
			children = (
				37C10DBA20078E1600331A97 /* NaveggApi.swift */,
				37C10DBC20078E5C00331A97 /* Util.swift */,
				377E2C61201896BF00217E71 /* LocationPostion.swift */,
			);
			path = Main;
			sourceTree = "<group>";
		};
		FBE7397F005F018ADE2021E0 /* Pods */ = {
			isa = PBXGroup;
			children = (
				513EFAB29955F7BAC9809B69 /* Pods-SdkNaveggIOS.debug.xcconfig */,
				A50BDC8A18EB1BE44175923B /* Pods-SdkNaveggIOS.release.xcconfig */,
			);
			name = Pods;
			sourceTree = "<group>";
		};
/* End PBXGroup section */

/* Begin PBXHeadersBuildPhase section */
		37C10D9C20078DA400331A97 /* Headers */ = {
			isa = PBXHeadersBuildPhase;
			buildActionMask = 2147483647;
			files = (
				37C10DB020078DA400331A97 /* SdkNaveggIOS.h in Headers */,
			);
			runOnlyForDeploymentPostprocessing = 0;
		};
/* End PBXHeadersBuildPhase section */

/* Begin PBXNativeTarget section */
		37C10D9E20078DA400331A97 /* SdkNaveggIOS */ = {
			isa = PBXNativeTarget;
			buildConfigurationList = 37C10DB320078DA400331A97 /* Build configuration list for PBXNativeTarget "SdkNaveggIOS" */;
			buildPhases = (
				7D5ED54F754CC6778D1DF8E0 /* [CP] Check Pods Manifest.lock */,
				37C10D9A20078DA400331A97 /* Sources */,
				37C10D9B20078DA400331A97 /* Frameworks */,
				37C10D9C20078DA400331A97 /* Headers */,
				37C10D9D20078DA400331A97 /* Resources */,
			);
			buildRules = (
			);
			dependencies = (
			);
			name = SdkNaveggIOS;
			productName = SdkNaveggIOS;
			productReference = 37C10D9F20078DA400331A97 /* SdkNaveggIOS.framework */;
			productType = "com.apple.product-type.framework";
		};
		37C10DA720078DA400331A97 /* SdkNaveggIOSTests */ = {
			isa = PBXNativeTarget;
			buildConfigurationList = 37C10DB620078DA400331A97 /* Build configuration list for PBXNativeTarget "SdkNaveggIOSTests" */;
			buildPhases = (
				37C10DA420078DA400331A97 /* Sources */,
				37C10DA520078DA400331A97 /* Frameworks */,
				37C10DA620078DA400331A97 /* Resources */,
			);
			buildRules = (
			);
			dependencies = (
				37C10DAB20078DA400331A97 /* PBXTargetDependency */,
			);
			name = SdkNaveggIOSTests;
			productName = SdkNaveggIOSTests;
			productReference = 37C10DA820078DA400331A97 /* SdkNaveggIOSTests.xctest */;
			productType = "com.apple.product-type.bundle.unit-test";
		};
/* End PBXNativeTarget section */

/* Begin PBXProject section */
		37C10D9620078DA400331A97 /* Project object */ = {
			isa = PBXProject;
			attributes = {
				LastSwiftUpdateCheck = 0920;
				LastUpgradeCheck = 1000;
				ORGANIZATIONNAME = Navegg;
				TargetAttributes = {
					37281B8F203F61A500D186F9 = {
						CreatedOnToolsVersion = 9.2;
						ProvisioningStyle = Automatic;
					};
					37C10D9E20078DA400331A97 = {
						CreatedOnToolsVersion = 9.2;
						LastSwiftMigration = 1000;
					};
					37C10DA720078DA400331A97 = {
						CreatedOnToolsVersion = 9.2;
						LastSwiftMigration = 1000;
						ProvisioningStyle = Automatic;
					};
				};
			};
			buildConfigurationList = 37C10D9920078DA400331A97 /* Build configuration list for PBXProject "SdkNaveggIOS" */;
			compatibilityVersion = "Xcode 10.0";
			developmentRegion = en;
			hasScannedForEncodings = 0;
			knownRegions = (
				en,
				Base,
			);
			mainGroup = 37C10D9520078DA400331A97;
			productRefGroup = 37C10DA020078DA400331A97 /* Products */;
			projectDirPath = "";
			projectRoot = "";
			targets = (
				37C10D9E20078DA400331A97 /* SdkNaveggIOS */,
				37C10DA720078DA400331A97 /* SdkNaveggIOSTests */,
				37281B8F203F61A500D186F9 /* SdkNaveggIOS-Universal */,
			);
		};
/* End PBXProject section */

/* Begin PBXResourcesBuildPhase section */
		37C10D9D20078DA400331A97 /* Resources */ = {
			isa = PBXResourcesBuildPhase;
			buildActionMask = 2147483647;
			files = (
			);
			runOnlyForDeploymentPostprocessing = 0;
		};
		37C10DA620078DA400331A97 /* Resources */ = {
			isa = PBXResourcesBuildPhase;
			buildActionMask = 2147483647;
			files = (
			);
			runOnlyForDeploymentPostprocessing = 0;
		};
/* End PBXResourcesBuildPhase section */

/* Begin PBXShellScriptBuildPhase section */
		37281B93203F620200D186F9 /* ShellScript */ = {
			isa = PBXShellScriptBuildPhase;
			buildActionMask = 12;
			files = (
			);
			inputPaths = (
			);
			outputPaths = (
			);
			runOnlyForDeploymentPostprocessing = 0;
			shellPath = /bin/sh;
			shellScript = "######################\n# Options\n######################\n\nREVEAL_ARCHIVE_IN_FINDER=false\n\nFRAMEWORK_NAME=\"${PROJECT_NAME}\"\n\nSIMULATOR_LIBRARY_PATH=\"${BUILD_DIR}/${CONFIGURATION}-iphonesimulator/${FRAMEWORK_NAME}.framework\"\n\nDEVICE_LIBRARY_PATH=\"${BUILD_DIR}/${CONFIGURATION}-iphoneos/${FRAMEWORK_NAME}.framework\"\n\nUNIVERSAL_LIBRARY_DIR=\"${BUILD_DIR}/${CONFIGURATION}-iphoneuniversal\"\n\nFRAMEWORK=\"${UNIVERSAL_LIBRARY_DIR}/${FRAMEWORK_NAME}.framework\"\n\n\n######################\n# Build Frameworks\n######################\n\nxcodebuild -workspace ${PROJECT_NAME}.xcworkspace -scheme ${PROJECT_NAME} -sdk iphonesimulator -configuration ${CONFIGURATION} clean build CONFIGURATION_BUILD_DIR=${BUILD_DIR}/${CONFIGURATION}-iphonesimulator 2>&1\n\nxcodebuild -workspace ${PROJECT_NAME}.xcworkspace -scheme ${PROJECT_NAME} -sdk iphoneos -configuration ${CONFIGURATION} clean build CONFIGURATION_BUILD_DIR=${BUILD_DIR}/${CONFIGURATION}-iphoneos 2>&1\n\n######################\n# Create directory for universal\n######################\n\nrm -rf \"${UNIVERSAL_LIBRARY_DIR}\"\n\nmkdir \"${UNIVERSAL_LIBRARY_DIR}\"\n\nmkdir \"${FRAMEWORK}\"\n\n\n######################\n# Copy files Framework\n######################\n\ncp -r \"${DEVICE_LIBRARY_PATH}/.\" \"${FRAMEWORK}\"\n\n\n######################\n# Make an universal binary\n######################\n\nlipo \"${SIMULATOR_LIBRARY_PATH}/${FRAMEWORK_NAME}\" \"${DEVICE_LIBRARY_PATH}/${FRAMEWORK_NAME}\" -create -output \"${FRAMEWORK}/${FRAMEWORK_NAME}\" | echo\n\n# For Swift framework, Swiftmodule needs to be copied in the universal framework\nif [ -d \"${SIMULATOR_LIBRARY_PATH}/Modules/${FRAMEWORK_NAME}.swiftmodule/\" ]; then\ncp -f ${SIMULATOR_LIBRARY_PATH}/Modules/${FRAMEWORK_NAME}.swiftmodule/* \"${FRAMEWORK}/Modules/${FRAMEWORK_NAME}.swiftmodule/\" | echo\n                                                                      fi\n                                                                      \n                                                                      if [ -d \"${DEVICE_LIBRARY_PATH}/Modules/${FRAMEWORK_NAME}.swiftmodule/\" ]; then\n                                                                      cp -f ${DEVICE_LIBRARY_PATH}/Modules/${FRAMEWORK_NAME}.swiftmodule/* \"${FRAMEWORK}/Modules/${FRAMEWORK_NAME}.swiftmodule/\" | echo\n                                                                      fi\n                                                                      \n                                                                      ######################\n                                                                      # On Release, copy the result to release directory\n                                                                      ######################\n                                                                      OUTPUT_DIR=\"${PROJECT_DIR}/Output/${FRAMEWORK_NAME}-${CONFIGURATION}-iphoneuniversal/\"\n                                                                      \n                                                                      rm -rf \"$OUTPUT_DIR\"\n                                                                      mkdir -p \"$OUTPUT_DIR\"\n                                                                      \n                                                                      cp -r \"${FRAMEWORK}\" \"$OUTPUT_DIR\"\n                                                                      \n                                                                      if [ ${REVEAL_ARCHIVE_IN_FINDER} = true ]; then\n                                                                      open \"${OUTPUT_DIR}/\"\n                                                                      fi";
		};
		7D5ED54F754CC6778D1DF8E0 /* [CP] Check Pods Manifest.lock */ = {
			isa = PBXShellScriptBuildPhase;
			buildActionMask = 2147483647;
			files = (
			);
			inputPaths = (
				"${PODS_PODFILE_DIR_PATH}/Podfile.lock",
				"${PODS_ROOT}/Manifest.lock",
			);
			name = "[CP] Check Pods Manifest.lock";
			outputPaths = (
				"$(DERIVED_FILE_DIR)/Pods-SdkNaveggIOS-checkManifestLockResult.txt",
			);
			runOnlyForDeploymentPostprocessing = 0;
			shellPath = /bin/sh;
			shellScript = "diff \"${PODS_PODFILE_DIR_PATH}/Podfile.lock\" \"${PODS_ROOT}/Manifest.lock\" > /dev/null\nif [ $? != 0 ] ; then\n    # print error to STDERR\n    echo \"error: The sandbox is not in sync with the Podfile.lock. Run 'pod install' or update your CocoaPods installation.\" >&2\n    exit 1\nfi\n# This output is used by Xcode 'outputs' to avoid re-running this script phase.\necho \"SUCCESS\" > \"${SCRIPT_OUTPUT_FILE_0}\"\n";
			showEnvVarsInLog = 0;
		};
/* End PBXShellScriptBuildPhase section */

/* Begin PBXSourcesBuildPhase section */
		37C10D9A20078DA400331A97 /* Sources */ = {
			isa = PBXSourcesBuildPhase;
			buildActionMask = 2147483647;
			files = (
				377E2C62201896BF00217E71 /* LocationPostion.swift in Sources */,
				373099D52007928C009655B8 /* Tracker.swift in Sources */,
				373099D32007928C009655B8 /* MobileInformation.swift in Sources */,
				373099CD20079280009655B8 /* WebService.swift in Sources */,
				37C10DBB20078E1600331A97 /* NaveggApi.swift in Sources */,
				376D24882015FFA4007D3971 /* ReachabilityManager.swift in Sources */,
				370A2B502010FCF20097033E /* OnBoarding.swift in Sources */,
				37C10DBD20078E5C00331A97 /* Util.swift in Sources */,
				373099D42007928C009655B8 /* PageViewer.swift in Sources */,
				373099D62007928C009655B8 /* User.swift in Sources */,
				37C8F8E92007DFA700E8C154 /* package.pb.swift in Sources */,
			);
			runOnlyForDeploymentPostprocessing = 0;
		};
		37C10DA420078DA400331A97 /* Sources */ = {
			isa = PBXSourcesBuildPhase;
			buildActionMask = 2147483647;
			files = (
				37C10DAE20078DA400331A97 /* SdkNaveggIOSTests.swift in Sources */,
			);
			runOnlyForDeploymentPostprocessing = 0;
		};
/* End PBXSourcesBuildPhase section */

/* Begin PBXTargetDependency section */
		37C10DAB20078DA400331A97 /* PBXTargetDependency */ = {
			isa = PBXTargetDependency;
			target = 37C10D9E20078DA400331A97 /* SdkNaveggIOS */;
			targetProxy = 37C10DAA20078DA400331A97 /* PBXContainerItemProxy */;
		};
/* End PBXTargetDependency section */

/* Begin XCBuildConfiguration section */
		37281B91203F61A500D186F9 /* Debug */ = {
			isa = XCBuildConfiguration;
			buildSettings = {
				CODE_SIGN_STYLE = Automatic;
				DEVELOPMENT_TEAM = AH5825TBD7;
				PRODUCT_NAME = "$(TARGET_NAME)";
				SWIFT_VERSION = 5.0;
				VALID_ARCHS = "arm64 armv7 armv7s";
			};
			name = Debug;
		};
		37281B92203F61A500D186F9 /* Release */ = {
			isa = XCBuildConfiguration;
			buildSettings = {
				CODE_SIGN_STYLE = Automatic;
				DEVELOPMENT_TEAM = AH5825TBD7;
				PRODUCT_NAME = "$(TARGET_NAME)";
				SWIFT_VERSION = 5.0;
				VALID_ARCHS = "arm64 armv7 armv7s";
			};
			name = Release;
		};
		37C10DB120078DA400331A97 /* Debug */ = {
			isa = XCBuildConfiguration;
			buildSettings = {
				ALWAYS_SEARCH_USER_PATHS = NO;
				CLANG_ANALYZER_NONNULL = YES;
				CLANG_ANALYZER_NUMBER_OBJECT_CONVERSION = YES_AGGRESSIVE;
				CLANG_CXX_LANGUAGE_STANDARD = "gnu++14";
				CLANG_CXX_LIBRARY = "libc++";
				CLANG_ENABLE_MODULES = YES;
				CLANG_ENABLE_OBJC_ARC = YES;
				CLANG_WARN_BLOCK_CAPTURE_AUTORELEASING = YES;
				CLANG_WARN_BOOL_CONVERSION = YES;
				CLANG_WARN_COMMA = YES;
				CLANG_WARN_CONSTANT_CONVERSION = YES;
				CLANG_WARN_DEPRECATED_OBJC_IMPLEMENTATIONS = YES;
				CLANG_WARN_DIRECT_OBJC_ISA_USAGE = YES_ERROR;
				CLANG_WARN_DOCUMENTATION_COMMENTS = YES;
				CLANG_WARN_EMPTY_BODY = YES;
				CLANG_WARN_ENUM_CONVERSION = YES;
				CLANG_WARN_INFINITE_RECURSION = YES;
				CLANG_WARN_INT_CONVERSION = YES;
				CLANG_WARN_NON_LITERAL_NULL_CONVERSION = YES;
				CLANG_WARN_OBJC_IMPLICIT_RETAIN_SELF = YES;
				CLANG_WARN_OBJC_LITERAL_CONVERSION = YES;
				CLANG_WARN_OBJC_ROOT_CLASS = YES_ERROR;
				CLANG_WARN_RANGE_LOOP_ANALYSIS = YES;
				CLANG_WARN_STRICT_PROTOTYPES = YES;
				CLANG_WARN_SUSPICIOUS_MOVE = YES;
				CLANG_WARN_UNGUARDED_AVAILABILITY = YES_AGGRESSIVE;
				CLANG_WARN_UNREACHABLE_CODE = YES;
				CLANG_WARN__DUPLICATE_METHOD_MATCH = YES;
				CODE_SIGN_IDENTITY = "iPhone Developer";
				COPY_HEADERS_RUN_UNIFDEF = NO;
				COPY_PHASE_STRIP = NO;
				CURRENT_PROJECT_VERSION = 1;
				DEBUG_INFORMATION_FORMAT = dwarf;
				ENABLE_STRICT_OBJC_MSGSEND = YES;
				ENABLE_TESTABILITY = YES;
				GCC_C_LANGUAGE_STANDARD = gnu11;
				GCC_DYNAMIC_NO_PIC = NO;
				GCC_NO_COMMON_BLOCKS = YES;
				GCC_OPTIMIZATION_LEVEL = 0;
				GCC_PREPROCESSOR_DEFINITIONS = (
					"DEBUG=1",
					"$(inherited)",
				);
				GCC_WARN_64_TO_32_BIT_CONVERSION = YES;
				GCC_WARN_ABOUT_RETURN_TYPE = YES_ERROR;
				GCC_WARN_UNDECLARED_SELECTOR = YES;
				GCC_WARN_UNINITIALIZED_AUTOS = YES_AGGRESSIVE;
				GCC_WARN_UNUSED_FUNCTION = YES;
				GCC_WARN_UNUSED_VARIABLE = YES;
				IPHONEOS_DEPLOYMENT_TARGET = 10.0;
				MTL_ENABLE_DEBUG_INFO = YES;
				ONLY_ACTIVE_ARCH = YES;
				SDKROOT = iphoneos;
				SWIFT_ACTIVE_COMPILATION_CONDITIONS = DEBUG;
				SWIFT_OPTIMIZATION_LEVEL = "-Onone";
				SWIFT_VERSION = 4.2;
				VERSIONING_SYSTEM = "apple-generic";
				VERSION_INFO_PREFIX = "";
			};
			name = Debug;
		};
		37C10DB220078DA400331A97 /* Release */ = {
			isa = XCBuildConfiguration;
			buildSettings = {
				ALWAYS_SEARCH_USER_PATHS = NO;
				CLANG_ANALYZER_NONNULL = YES;
				CLANG_ANALYZER_NUMBER_OBJECT_CONVERSION = YES_AGGRESSIVE;
				CLANG_CXX_LANGUAGE_STANDARD = "gnu++14";
				CLANG_CXX_LIBRARY = "libc++";
				CLANG_ENABLE_MODULES = YES;
				CLANG_ENABLE_OBJC_ARC = YES;
				CLANG_WARN_BLOCK_CAPTURE_AUTORELEASING = YES;
				CLANG_WARN_BOOL_CONVERSION = YES;
				CLANG_WARN_COMMA = YES;
				CLANG_WARN_CONSTANT_CONVERSION = YES;
				CLANG_WARN_DEPRECATED_OBJC_IMPLEMENTATIONS = YES;
				CLANG_WARN_DIRECT_OBJC_ISA_USAGE = YES_ERROR;
				CLANG_WARN_DOCUMENTATION_COMMENTS = YES;
				CLANG_WARN_EMPTY_BODY = YES;
				CLANG_WARN_ENUM_CONVERSION = YES;
				CLANG_WARN_INFINITE_RECURSION = YES;
				CLANG_WARN_INT_CONVERSION = YES;
				CLANG_WARN_NON_LITERAL_NULL_CONVERSION = YES;
				CLANG_WARN_OBJC_IMPLICIT_RETAIN_SELF = YES;
				CLANG_WARN_OBJC_LITERAL_CONVERSION = YES;
				CLANG_WARN_OBJC_ROOT_CLASS = YES_ERROR;
				CLANG_WARN_RANGE_LOOP_ANALYSIS = YES;
				CLANG_WARN_STRICT_PROTOTYPES = YES;
				CLANG_WARN_SUSPICIOUS_MOVE = YES;
				CLANG_WARN_UNGUARDED_AVAILABILITY = YES_AGGRESSIVE;
				CLANG_WARN_UNREACHABLE_CODE = YES;
				CLANG_WARN__DUPLICATE_METHOD_MATCH = YES;
				CODE_SIGN_IDENTITY = "iPhone Developer";
				COPY_HEADERS_RUN_UNIFDEF = NO;
				COPY_PHASE_STRIP = NO;
				CURRENT_PROJECT_VERSION = 1;
				DEBUG_INFORMATION_FORMAT = "dwarf-with-dsym";
				ENABLE_NS_ASSERTIONS = NO;
				ENABLE_STRICT_OBJC_MSGSEND = YES;
				GCC_C_LANGUAGE_STANDARD = gnu11;
				GCC_NO_COMMON_BLOCKS = YES;
				GCC_WARN_64_TO_32_BIT_CONVERSION = YES;
				GCC_WARN_ABOUT_RETURN_TYPE = YES_ERROR;
				GCC_WARN_UNDECLARED_SELECTOR = YES;
				GCC_WARN_UNINITIALIZED_AUTOS = YES_AGGRESSIVE;
				GCC_WARN_UNUSED_FUNCTION = YES;
				GCC_WARN_UNUSED_VARIABLE = YES;
				IPHONEOS_DEPLOYMENT_TARGET = 10.0;
				MTL_ENABLE_DEBUG_INFO = NO;
				ONLY_ACTIVE_ARCH = NO;
				SDKROOT = iphoneos;
				SWIFT_COMPILATION_MODE = wholemodule;
				SWIFT_OPTIMIZATION_LEVEL = "-O";
				SWIFT_VERSION = 4.2;
				VALIDATE_PRODUCT = NO;
				VERSIONING_SYSTEM = "apple-generic";
				VERSION_INFO_PREFIX = "";
			};
			name = Release;
		};
		37C10DB420078DA400331A97 /* Debug */ = {
			isa = XCBuildConfiguration;
			baseConfigurationReference = 513EFAB29955F7BAC9809B69 /* Pods-SdkNaveggIOS.debug.xcconfig */;
			buildSettings = {
				CLANG_ENABLE_MODULES = YES;
				CODE_SIGN_IDENTITY = "";
				CODE_SIGN_STYLE = Automatic;
				DEFINES_MODULE = YES;
				DEVELOPMENT_TEAM = AH5825TBD7;
				DYLIB_COMPATIBILITY_VERSION = 1;
				DYLIB_CURRENT_VERSION = 1;
				DYLIB_INSTALL_NAME_BASE = "@rpath";
				FRAMEWORK_SEARCH_PATHS = (
					"$(inherited)",
					"$(PROJECT_DIR)/Carthage/Build/iOS",
					"$(PROJECT_DIR)/Frameworks",
				);
				INFOPLIST_FILE = SdkNaveggIOS/Info.plist;
				INSTALL_PATH = "$(LOCAL_LIBRARY_DIR)/Frameworks";
				IPHONEOS_DEPLOYMENT_TARGET = 10.0;
				LD_RUNPATH_SEARCH_PATHS = (
					"$(inherited)",
					"@executable_path/Frameworks",
					"@loader_path/Frameworks",
				);
				PRODUCT_BUNDLE_IDENTIFIER = com.navegg.SdkNaveggIOS;
				PRODUCT_NAME = "$(TARGET_NAME:c99extidentifier)";
				PROVISIONING_PROFILE_SPECIFIER = "";
				SKIP_INSTALL = YES;
				SWIFT_OPTIMIZATION_LEVEL = "-Onone";
				SWIFT_VERSION = 5.0;
				TARGETED_DEVICE_FAMILY = "1,2";
			};
			name = Debug;
		};
		37C10DB520078DA400331A97 /* Release */ = {
			isa = XCBuildConfiguration;
			baseConfigurationReference = A50BDC8A18EB1BE44175923B /* Pods-SdkNaveggIOS.release.xcconfig */;
			buildSettings = {
				CLANG_ENABLE_MODULES = YES;
				CODE_SIGN_IDENTITY = "";
				CODE_SIGN_STYLE = Automatic;
				DEFINES_MODULE = YES;
				DEVELOPMENT_TEAM = AH5825TBD7;
				DYLIB_COMPATIBILITY_VERSION = 1;
				DYLIB_CURRENT_VERSION = 1;
				DYLIB_INSTALL_NAME_BASE = "@rpath";
				FRAMEWORK_SEARCH_PATHS = (
					"$(inherited)",
					"$(PROJECT_DIR)/Carthage/Build/iOS",
					"$(PROJECT_DIR)/Frameworks",
				);
				INFOPLIST_FILE = SdkNaveggIOS/Info.plist;
				INSTALL_PATH = "$(LOCAL_LIBRARY_DIR)/Frameworks";
				IPHONEOS_DEPLOYMENT_TARGET = 10.0;
				LD_RUNPATH_SEARCH_PATHS = (
					"$(inherited)",
					"@executable_path/Frameworks",
					"@loader_path/Frameworks",
				);
				PRODUCT_BUNDLE_IDENTIFIER = com.navegg.SdkNaveggIOS;
				PRODUCT_NAME = "$(TARGET_NAME:c99extidentifier)";
				PROVISIONING_PROFILE_SPECIFIER = "";
				SKIP_INSTALL = YES;
				SWIFT_VERSION = 5.0;
				TARGETED_DEVICE_FAMILY = "1,2";
			};
			name = Release;
		};
		37C10DB720078DA400331A97 /* Debug */ = {
			isa = XCBuildConfiguration;
			buildSettings = {
				ALWAYS_EMBED_SWIFT_STANDARD_LIBRARIES = YES;
				CODE_SIGN_STYLE = Automatic;
				DEVELOPMENT_TEAM = AH5825TBD7;
				INFOPLIST_FILE = SdkNaveggIOSTests/Info.plist;
				LD_RUNPATH_SEARCH_PATHS = (
					"$(inherited)",
					"@executable_path/Frameworks",
					"@loader_path/Frameworks",
				);
				PRODUCT_BUNDLE_IDENTIFIER = com.navegg.SdkNaveggIOSTests;
				PRODUCT_NAME = "$(TARGET_NAME)";
				SWIFT_VERSION = 5.0;
				TARGETED_DEVICE_FAMILY = "1,2";
			};
			name = Debug;
		};
		37C10DB820078DA400331A97 /* Release */ = {
			isa = XCBuildConfiguration;
			buildSettings = {
				ALWAYS_EMBED_SWIFT_STANDARD_LIBRARIES = YES;
				CODE_SIGN_STYLE = Automatic;
				DEVELOPMENT_TEAM = AH5825TBD7;
				INFOPLIST_FILE = SdkNaveggIOSTests/Info.plist;
				LD_RUNPATH_SEARCH_PATHS = (
					"$(inherited)",
					"@executable_path/Frameworks",
					"@loader_path/Frameworks",
				);
				PRODUCT_BUNDLE_IDENTIFIER = com.navegg.SdkNaveggIOSTests;
				PRODUCT_NAME = "$(TARGET_NAME)";
				SWIFT_VERSION = 5.0;
				TARGETED_DEVICE_FAMILY = "1,2";
			};
			name = Release;
		};
/* End XCBuildConfiguration section */

/* Begin XCConfigurationList section */
		37281B90203F61A500D186F9 /* Build configuration list for PBXAggregateTarget "SdkNaveggIOS-Universal" */ = {
			isa = XCConfigurationList;
			buildConfigurations = (
				37281B91203F61A500D186F9 /* Debug */,
				37281B92203F61A500D186F9 /* Release */,
			);
			defaultConfigurationIsVisible = 0;
			defaultConfigurationName = Release;
		};
		37C10D9920078DA400331A97 /* Build configuration list for PBXProject "SdkNaveggIOS" */ = {
			isa = XCConfigurationList;
			buildConfigurations = (
				37C10DB120078DA400331A97 /* Debug */,
				37C10DB220078DA400331A97 /* Release */,
			);
			defaultConfigurationIsVisible = 0;
			defaultConfigurationName = Release;
		};
		37C10DB320078DA400331A97 /* Build configuration list for PBXNativeTarget "SdkNaveggIOS" */ = {
			isa = XCConfigurationList;
			buildConfigurations = (
				37C10DB420078DA400331A97 /* Debug */,
				37C10DB520078DA400331A97 /* Release */,
			);
			defaultConfigurationIsVisible = 0;
			defaultConfigurationName = Release;
		};
		37C10DB620078DA400331A97 /* Build configuration list for PBXNativeTarget "SdkNaveggIOSTests" */ = {
			isa = XCConfigurationList;
			buildConfigurations = (
				37C10DB720078DA400331A97 /* Debug */,
				37C10DB820078DA400331A97 /* Release */,
			);
			defaultConfigurationIsVisible = 0;
			defaultConfigurationName = Release;
		};
/* End XCConfigurationList section */
	};
	rootObject = 37C10D9620078DA400331A97 /* Project object */;
}
